
Microsoft Visual Studio Solution File, Format Version 11.00
# Visual Basic Express 2010
Project("{F184B08F-C81C-45F6-A57F-5ABD9991F28F}") = "Indictus.Common.Web", "Indictus.Common.Web\Indictus.Common.Web.vbproj", "{78B37C07-818D-4374-A1AF-BCB1E17B7BC9}"
EndProject
Global
	GlobalSection(SolutionConfigurationPlatforms) = preSolution
		Debug|Any CPU = Debug|Any CPU
		Release|Any CPU = Release|Any CPU
	EndGlobalSection
	GlobalSection(ProjectConfigurationPlatforms) = postSolution
		{78B37C07-818D-4374-A1AF-BCB1E17B7BC9}.Debug|Any CPU.ActiveCfg = Debug|Any CPU
		{78B37C07-818D-4374-A1AF-BCB1E17B7BC9}.Debug|Any CPU.Build.0 = Debug|Any CPU
		{78B37C07-818D-4374-A1AF-BCB1E17B7BC9}.Release|Any CPU.ActiveCfg = Release|Any CPU
		{78B37C07-818D-4374-A1AF-BCB1E17B7BC9}.Release|Any CPU.Build.0 = Release|Any CPU
	EndGlobalSection
	GlobalSection(SolutionProperties) = preSolution
		HideSolutionNode = FALSE
	EndGlobalSection
EndGlobal
